
Microsoft Visual Studio Solution File, Format Version 12.00
# Visual Studio Version 16
VisualStudioVersion = 16.0.30523.141
MinimumVisualStudioVersion = 10.0.40219.1
Project("{FAE04EC0-301F-11D3-BF4B-00C04F79EFBC}") = "KnoID", "KnoID\KnoID.csproj", "{96DCC157-8AF0-4239-BFE7-70790916BBC0}"
EndProject
Global
	GlobalSection(SolutionConfigurationPlatforms) = preSolution
		Debug|Any CPU = Debug|Any CPU
		Release|Any CPU = Release|Any CPU
	EndGlobalSection
	GlobalSection(ProjectConfigurationPlatforms) = postSolution
		{96DCC157-8AF0-4239-BFE7-70790916BBC0}.Debug|Any CPU.ActiveCfg = Debug|Any CPU
		{96DCC157-8AF0-4239-BFE7-70790916BBC0}.Debug|Any CPU.Build.0 = Debug|Any CPU
		{96DCC157-8AF0-4239-BFE7-70790916BBC0}.Debug|Any CPU.Deploy.0 = Debug|Any CPU
		{96DCC157-8AF0-4239-BFE7-70790916BBC0}.Release|Any CPU.ActiveCfg = Release|Any CPU
		{96DCC157-8AF0-4239-BFE7-70790916BBC0}.Release|Any CPU.Build.0 = Release|Any CPU
		{96DCC157-8AF0-4239-BFE7-70790916BBC0}.Release|Any CPU.Deploy.0 = Release|Any CPU
	EndGlobalSection
	GlobalSection(SolutionProperties) = preSolution
		HideSolutionNode = FALSE
	EndGlobalSection
	GlobalSection(ExtensibilityGlobals) = postSolution
		SolutionGuid = {9D297D57-83CE-4125-AF2D-A558DA81D263}
	EndGlobalSection
EndGlobal
